// !$*UTF8*$!
{
	archiveVersion = 1;
	classes = {
	};
	objectVersion = 46;
	objects = {

/* Begin PBXBuildFile section */
		6D0B6EDE1D29C47000781B0E /* Problem2ViewController.swift in Sources */ = {isa = PBXBuildFile; fileRef = 6D0B6EDD1D29C47000781B0E /* Problem2ViewController.swift */; };
		6D0B6EE01D29C48200781B0E /* Problem3ViewController.swift in Sources */ = {isa = PBXBuildFile; fileRef = 6D0B6EDF1D29C48200781B0E /* Problem3ViewController.swift */; };
		6D0B6EE21D29C48E00781B0E /* Problem4ViewController.swift in Sources */ = {isa = PBXBuildFile; fileRef = 6D0B6EE11D29C48E00781B0E /* Problem4ViewController.swift */; };
		6D0B6EE41D29CE2F00781B0E /* Engine.swift in Sources */ = {isa = PBXBuildFile; fileRef = 6D0B6EE31D29CE2F00781B0E /* Engine.swift */; };
		6D74F32F1D25BB4F001D753E /* AppDelegate.swift in Sources */ = {isa = PBXBuildFile; fileRef = 6D74F32E1D25BB4F001D753E /* AppDelegate.swift */; };
		6D74F3311D25BB4F001D753E /* MainController.swift in Sources */ = {isa = PBXBuildFile; fileRef = 6D74F3301D25BB4F001D753E /* MainController.swift */; };
		6D74F3341D25BB4F001D753E /* Main.storyboard in Resources */ = {isa = PBXBuildFile; fileRef = 6D74F3321D25BB4F001D753E /* Main.storyboard */; };
		6D74F3361D25BB4F001D753E /* Assets.xcassets in Resources */ = {isa = PBXBuildFile; fileRef = 6D74F3351D25BB4F001D753E /* Assets.xcassets */; };
		6D74F3391D25BB4F001D753E /* LaunchScreen.storyboard in Resources */ = {isa = PBXBuildFile; fileRef = 6D74F3371D25BB4F001D753E /* LaunchScreen.storyboard */; };
		6D74F3441D25BB4F001D753E /* homework2_2ndTests.swift in Sources */ = {isa = PBXBuildFile; fileRef = 6D74F3431D25BB4F001D753E /* homework2_2ndTests.swift */; };
		6D74F34F1D25BB4F001D753E /* homework2_2ndUITests.swift in Sources */ = {isa = PBXBuildFile; fileRef = 6D74F34E1D25BB4F001D753E /* homework2_2ndUITests.swift */; };
/* End PBXBuildFile section */

/* Begin PBXContainerItemProxy section */
		6D74F3401D25BB4F001D753E /* PBXContainerItemProxy */ = {
			isa = PBXContainerItemProxy;
			containerPortal = 6D74F3231D25BB4F001D753E /* Project object */;
			proxyType = 1;
			remoteGlobalIDString = 6D74F32A1D25BB4F001D753E;
			remoteInfo = homework2_2nd;
		};
		6D74F34B1D25BB4F001D753E /* PBXContainerItemProxy */ = {
			isa = PBXContainerItemProxy;
			containerPortal = 6D74F3231D25BB4F001D753E /* Project object */;
			proxyType = 1;
			remoteGlobalIDString = 6D74F32A1D25BB4F001D753E;
			remoteInfo = homework2_2nd;
		};
/* End PBXContainerItemProxy section */

/* Begin PBXFileReference section */
		6D0B6EDD1D29C47000781B0E /* Problem2ViewController.swift */ = {isa = PBXFileReference; fileEncoding = 4; lastKnownFileType = sourcecode.swift; path = Problem2ViewController.swift; sourceTree = "<group>"; };
		6D0B6EDF1D29C48200781B0E /* Problem3ViewController.swift */ = {isa = PBXFileReference; fileEncoding = 4; lastKnownFileType = sourcecode.swift; path = Problem3ViewController.swift; sourceTree = "<group>"; };
		6D0B6EE11D29C48E00781B0E /* Problem4ViewController.swift */ = {isa = PBXFileReference; fileEncoding = 4; lastKnownFileType = sourcecode.swift; path = Problem4ViewController.swift; sourceTree = "<group>"; };
		6D0B6EE31D29CE2F00781B0E /* Engine.swift */ = {isa = PBXFileReference; fileEncoding = 4; lastKnownFileType = sourcecode.swift; path = Engine.swift; sourceTree = "<group>"; };
		6D74F32B1D25BB4F001D753E /* homework2_2nd.app */ = {isa = PBXFileReference; explicitFileType = wrapper.application; includeInIndex = 0; path = homework2_2nd.app; sourceTree = BUILT_PRODUCTS_DIR; };
		6D74F32E1D25BB4F001D753E /* AppDelegate.swift */ = {isa = PBXFileReference; lastKnownFileType = sourcecode.swift; path = AppDelegate.swift; sourceTree = "<group>"; };
		6D74F3301D25BB4F001D753E /* MainController.swift */ = {isa = PBXFileReference; lastKnownFileType = sourcecode.swift; path = MainController.swift; sourceTree = "<group>"; };
		6D74F3331D25BB4F001D753E /* Base */ = {isa = PBXFileReference; lastKnownFileType = file.storyboard; name = Base; path = Base.lproj/Main.storyboard; sourceTree = "<group>"; };
		6D74F3351D25BB4F001D753E /* Assets.xcassets */ = {isa = PBXFileReference; lastKnownFileType = folder.assetcatalog; path = Assets.xcassets; sourceTree = "<group>"; };
		6D74F3381D25BB4F001D753E /* Base */ = {isa = PBXFileReference; lastKnownFileType = file.storyboard; name = Base; path = Base.lproj/LaunchScreen.storyboard; sourceTree = "<group>"; };
		6D74F33A1D25BB4F001D753E /* Info.plist */ = {isa = PBXFileReference; lastKnownFileType = text.plist.xml; path = Info.plist; sourceTree = "<group>"; };
		6D74F33F1D25BB4F001D753E /* homework2_2ndTests.xctest */ = {isa = PBXFileReference; explicitFileType = wrapper.cfbundle; includeInIndex = 0; path = homework2_2ndTests.xctest; sourceTree = BUILT_PRODUCTS_DIR; };
		6D74F3431D25BB4F001D753E /* homework2_2ndTests.swift */ = {isa = PBXFileReference; lastKnownFileType = sourcecode.swift; path = homework2_2ndTests.swift; sourceTree = "<group>"; };
		6D74F3451D25BB4F001D753E /* Info.plist */ = {isa = PBXFileReference; lastKnownFileType = text.plist.xml; path = Info.plist; sourceTree = "<group>"; };
		6D74F34A1D25BB4F001D753E /* homework2_2ndUITests.xctest */ = {isa = PBXFileReference; explicitFileType = wrapper.cfbundle; includeInIndex = 0; path = homework2_2ndUITests.xctest; sourceTree = BUILT_PRODUCTS_DIR; };
		6D74F34E1D25BB4F001D753E /* homework2_2ndUITests.swift */ = {isa = PBXFileReference; lastKnownFileType = sourcecode.swift; path = homework2_2ndUITests.swift; sourceTree = "<group>"; };
		6D74F3501D25BB4F001D753E /* Info.plist */ = {isa = PBXFileReference; lastKnownFileType = text.plist.xml; path = Info.plist; sourceTree = "<group>"; };
/* End PBXFileReference section */

/* Begin PBXFrameworksBuildPhase section */
		6D74F3281D25BB4F001D753E /* Frameworks */ = {
			isa = PBXFrameworksBuildPhase;
			buildActionMask = 2147483647;
			files = (
			);
			runOnlyForDeploymentPostprocessing = 0;
		};
		6D74F33C1D25BB4F001D753E /* Frameworks */ = {
			isa = PBXFrameworksBuildPhase;
			buildActionMask = 2147483647;
			files = (
			);
			runOnlyForDeploymentPostprocessing = 0;
		};
		6D74F3471D25BB4F001D753E /* Frameworks */ = {
			isa = PBXFrameworksBuildPhase;
			buildActionMask = 2147483647;
			files = (
			);
			runOnlyForDeploymentPostprocessing = 0;
		};
/* End PBXFrameworksBuildPhase section */

/* Begin PBXGroup section */
		6D74F3221D25BB4F001D753E = {
			isa = PBXGroup;
			children = (
				6D74F32D1D25BB4F001D753E /* homework2_2nd */,
				6D74F3421D25BB4F001D753E /* homework2_2ndTests */,
				6D74F34D1D25BB4F001D753E /* homework2_2ndUITests */,
				6D74F32C1D25BB4F001D753E /* Products */,
			);
			sourceTree = "<group>";
		};
		6D74F32C1D25BB4F001D753E /* Products */ = {
			isa = PBXGroup;
			children = (
				6D74F32B1D25BB4F001D753E /* homework2_2nd.app */,
				6D74F33F1D25BB4F001D753E /* homework2_2ndTests.xctest */,
				6D74F34A1D25BB4F001D753E /* homework2_2ndUITests.xctest */,
			);
			name = Products;
			sourceTree = "<group>";
		};
		6D74F32D1D25BB4F001D753E /* homework2_2nd */ = {
			isa = PBXGroup;
			children = (
				6D74F32E1D25BB4F001D753E /* AppDelegate.swift */,
				6D74F3301D25BB4F001D753E /* MainController.swift */,
				6D74F3321D25BB4F001D753E /* Main.storyboard */,
				6D74F3351D25BB4F001D753E /* Assets.xcassets */,
				6D74F3371D25BB4F001D753E /* LaunchScreen.storyboard */,
				6D74F33A1D25BB4F001D753E /* Info.plist */,
				6D0B6EDD1D29C47000781B0E /* Problem2ViewController.swift */,
				6D0B6EDF1D29C48200781B0E /* Problem3ViewController.swift */,
				6D0B6EE31D29CE2F00781B0E /* Engine.swift */,
				6D0B6EE11D29C48E00781B0E /* Problem4ViewController.swift */,
			);
			path = homework2_2nd;
			sourceTree = "<group>";
		};
		6D74F3421D25BB4F001D753E /* homework2_2ndTests */ = {
			isa = PBXGroup;
			children = (
				6D74F3431D25BB4F001D753E /* homework2_2ndTests.swift */,
				6D74F3451D25BB4F001D753E /* Info.plist */,
			);
			path = homework2_2ndTests;
			sourceTree = "<group>";
		};
		6D74F34D1D25BB4F001D753E /* homework2_2ndUITests */ = {
			isa = PBXGroup;
			children = (
				6D74F34E1D25BB4F001D753E /* homework2_2ndUITests.swift */,
				6D74F3501D25BB4F001D753E /* Info.plist */,
			);
			path = homework2_2ndUITests;
			sourceTree = "<group>";
		};
/* End PBXGroup section */

/* Begin PBXNativeTarget section */
		6D74F32A1D25BB4F001D753E /* homework2_2nd */ = {
			isa = PBXNativeTarget;
			buildConfigurationList = 6D74F3531D25BB4F001D753E /* Build configuration list for PBXNativeTarget "homework2_2nd" */;
			buildPhases = (
				6D74F3271D25BB4F001D753E /* Sources */,
				6D74F3281D25BB4F001D753E /* Frameworks */,
				6D74F3291D25BB4F001D753E /* Resources */,
			);
			buildRules = (
			);
			dependencies = (
			);
			name = homework2_2nd;
			productName = homework2_2nd;
			productReference = 6D74F32B1D25BB4F001D753E /* homework2_2nd.app */;
			productType = "com.apple.product-type.application";
		};
		6D74F33E1D25BB4F001D753E /* homework2_2ndTests */ = {
			isa = PBXNativeTarget;
			buildConfigurationList = 6D74F3561D25BB4F001D753E /* Build configuration list for PBXNativeTarget "homework2_2ndTests" */;
			buildPhases = (
				6D74F33B1D25BB4F001D753E /* Sources */,
				6D74F33C1D25BB4F001D753E /* Frameworks */,
				6D74F33D1D25BB4F001D753E /* Resources */,
			);
			buildRules = (
			);
			dependencies = (
				6D74F3411D25BB4F001D753E /* PBXTargetDependency */,
			);
			name = homework2_2ndTests;
			productName = homework2_2ndTests;
			productReference = 6D74F33F1D25BB4F001D753E /* homework2_2ndTests.xctest */;
			productType = "com.apple.product-type.bundle.unit-test";
		};
		6D74F3491D25BB4F001D753E /* homework2_2ndUITests */ = {
			isa = PBXNativeTarget;
			buildConfigurationList = 6D74F3591D25BB4F001D753E /* Build configuration list for PBXNativeTarget "homework2_2ndUITests" */;
			buildPhases = (
				6D74F3461D25BB4F001D753E /* Sources */,
				6D74F3471D25BB4F001D753E /* Frameworks */,
				6D74F3481D25BB4F001D753E /* Resources */,
			);
			buildRules = (
			);
			dependencies = (
				6D74F34C1D25BB4F001D753E /* PBXTargetDependency */,
			);
			name = homework2_2ndUITests;
			productName = homework2_2ndUITests;
			productReference = 6D74F34A1D25BB4F001D753E /* homework2_2ndUITests.xctest */;
			productType = "com.apple.product-type.bundle.ui-testing";
		};
/* End PBXNativeTarget section */

/* Begin PBXProject section */
		6D74F3231D25BB4F001D753E /* Project object */ = {
			isa = PBXProject;
			attributes = {
				LastSwiftUpdateCheck = 0730;
				LastUpgradeCheck = 0730;
				ORGANIZATIONNAME = sankim;
				TargetAttributes = {
					6D74F32A1D25BB4F001D753E = {
						CreatedOnToolsVersion = 7.3.1;
					};
					6D74F33E1D25BB4F001D753E = {
						CreatedOnToolsVersion = 7.3.1;
						TestTargetID = 6D74F32A1D25BB4F001D753E;
					};
					6D74F3491D25BB4F001D753E = {
						CreatedOnToolsVersion = 7.3.1;
						TestTargetID = 6D74F32A1D25BB4F001D753E;
					};
				};
			};
			buildConfigurationList = 6D74F3261D25BB4F001D753E /* Build configuration list for PBXProject "homework2_2nd" */;
			compatibilityVersion = "Xcode 3.2";
			developmentRegion = English;
			hasScannedForEncodings = 0;
			knownRegions = (
				en,
				Base,
			);
			mainGroup = 6D74F3221D25BB4F001D753E;
			productRefGroup = 6D74F32C1D25BB4F001D753E /* Products */;
			projectDirPath = "";
			projectRoot = "";
			targets = (
				6D74F32A1D25BB4F001D753E /* homework2_2nd */,
				6D74F33E1D25BB4F001D753E /* homework2_2ndTests */,
				6D74F3491D25BB4F001D753E /* homework2_2ndUITests */,
			);
		};
/* End PBXProject section */

/* Begin PBXResourcesBuildPhase section */
		6D74F3291D25BB4F001D753E /* Resources */ = {
			isa = PBXResourcesBuildPhase;
			buildActionMask = 2147483647;
			files = (
				6D74F3391D25BB4F001D753E /* LaunchScreen.storyboard in Resources */,
				6D74F3361D25BB4F001D753E /* Assets.xcassets in Resources */,
				6D74F3341D25BB4F001D753E /* Main.storyboard in Resources */,
			);
			runOnlyForDeploymentPostprocessing = 0;
		};
		6D74F33D1D25BB4F001D753E /* Resources */ = {
			isa = PBXResourcesBuildPhase;
			buildActionMask = 2147483647;
			files = (
			);
			runOnlyForDeploymentPostprocessing = 0;
		};
		6D74F3481D25BB4F001D753E /* Resources */ = {
			isa = PBXResourcesBuildPhase;
			buildActionMask = 2147483647;
			files = (
			);
			runOnlyForDeploymentPostprocessing = 0;
		};
/* End PBXResourcesBuildPhase section */

/* Begin PBXSourcesBuildPhase section */
		6D74F3271D25BB4F001D753E /* Sources */ = {
			isa = PBXSourcesBuildPhase;
			buildActionMask = 2147483647;
			files = (
				6D0B6EDE1D29C47000781B0E /* Problem2ViewController.swift in Sources */,
				6D0B6EE41D29CE2F00781B0E /* Engine.swift in Sources */,
				6D74F3311D25BB4F001D753E /* MainController.swift in Sources */,
				6D0B6EE21D29C48E00781B0E /* Problem4ViewController.swift in Sources */,
				6D0B6EE01D29C48200781B0E /* Problem3ViewController.swift in Sources */,
				6D74F32F1D25BB4F001D753E /* AppDelegate.swift in Sources */,
			);
			runOnlyForDeploymentPostprocessing = 0;
		};
		6D74F33B1D25BB4F001D753E /* Sources */ = {
			isa = PBXSourcesBuildPhase;
			buildActionMask = 2147483647;
			files = (
				6D74F3441D25BB4F001D753E /* homework2_2ndTests.swift in Sources */,
			);
			runOnlyForDeploymentPostprocessing = 0;
		};
		6D74F3461D25BB4F001D753E /* Sources */ = {
			isa = PBXSourcesBuildPhase;
			buildActionMask = 2147483647;
			files = (
				6D74F34F1D25BB4F001D753E /* homework2_2ndUITests.swift in Sources */,
			);
			runOnlyForDeploymentPostprocessing = 0;
		};
/* End PBXSourcesBuildPhase section */

/* Begin PBXTargetDependency section */
		6D74F3411D25BB4F001D753E /* PBXTargetDependency */ = {
			isa = PBXTargetDependency;
			target = 6D74F32A1D25BB4F001D753E /* homework2_2nd */;
			targetProxy = 6D74F3401D25BB4F001D753E /* PBXContainerItemProxy */;
		};
		6D74F34C1D25BB4F001D753E /* PBXTargetDependency */ = {
			isa = PBXTargetDependency;
			target = 6D74F32A1D25BB4F001D753E /* homework2_2nd */;
			targetProxy = 6D74F34B1D25BB4F001D753E /* PBXContainerItemProxy */;
		};
/* End PBXTargetDependency section */

/* Begin PBXVariantGroup section */
		6D74F3321D25BB4F001D753E /* Main.storyboard */ = {
			isa = PBXVariantGroup;
			children = (
				6D74F3331D25BB4F001D753E /* Base */,
			);
			name = Main.storyboard;
			sourceTree = "<group>";
		};
		6D74F3371D25BB4F001D753E /* LaunchScreen.storyboard */ = {
			isa = PBXVariantGroup;
			children = (
				6D74F3381D25BB4F001D753E /* Base */,
			);
			name = LaunchScreen.storyboard;
			sourceTree = "<group>";
		};
/* End PBXVariantGroup section */

/* Begin XCBuildConfiguration section */
		6D74F3511D25BB4F001D753E /* Debug */ = {
			isa = XCBuildConfiguration;
			buildSettings = {
				ALWAYS_SEARCH_USER_PATHS = NO;
				CLANG_ANALYZER_NONNULL = YES;
				CLANG_CXX_LANGUAGE_STANDARD = "gnu++0x";
				CLANG_CXX_LIBRARY = "libc++";
				CLANG_ENABLE_MODULES = YES;
				CLANG_ENABLE_OBJC_ARC = YES;
				CLANG_WARN_BOOL_CONVERSION = YES;
				CLANG_WARN_CONSTANT_CONVERSION = YES;
				CLANG_WARN_DIRECT_OBJC_ISA_USAGE = YES_ERROR;
				CLANG_WARN_EMPTY_BODY = YES;
				CLANG_WARN_ENUM_CONVERSION = YES;
				CLANG_WARN_INT_CONVERSION = YES;
				CLANG_WARN_OBJC_ROOT_CLASS = YES_ERROR;
				CLANG_WARN_UNREACHABLE_CODE = YES;
				CLANG_WARN__DUPLICATE_METHOD_MATCH = YES;
				"CODE_SIGN_IDENTITY[sdk=iphoneos*]" = "iPhone Developer";
				COPY_PHASE_STRIP = NO;
				DEBUG_INFORMATION_FORMAT = dwarf;
				ENABLE_STRICT_OBJC_MSGSEND = YES;
				ENABLE_TESTABILITY = YES;
				GCC_C_LANGUAGE_STANDARD = gnu99;
				GCC_DYNAMIC_NO_PIC = NO;
				GCC_NO_COMMON_BLOCKS = YES;
				GCC_OPTIMIZATION_LEVEL = 0;
				GCC_PREPROCESSOR_DEFINITIONS = (
					"DEBUG=1",
					"$(inherited)",
				);
				GCC_WARN_64_TO_32_BIT_CONVERSION = YES;
				GCC_WARN_ABOUT_RETURN_TYPE = YES_ERROR;
				GCC_WARN_UNDECLARED_SELECTOR = YES;
				GCC_WARN_UNINITIALIZED_AUTOS = YES_AGGRESSIVE;
				GCC_WARN_UNUSED_FUNCTION = YES;
				GCC_WARN_UNUSED_VARIABLE = YES;
				IPHONEOS_DEPLOYMENT_TARGET = 9.3;
				MTL_ENABLE_DEBUG_INFO = YES;
				ONLY_ACTIVE_ARCH = YES;
				SDKROOT = iphoneos;
				SWIFT_OPTIMIZATION_LEVEL = "-Onone";
				TARGETED_DEVICE_FAMILY = "1,2";
			};
			name = Debug;
		};
		6D74F3521D25BB4F001D753E /* Release */ = {
			isa = XCBuildConfiguration;
			buildSettings = {
				ALWAYS_SEARCH_USER_PATHS = NO;
				CLANG_ANALYZER_NONNULL = YES;
				CLANG_CXX_LANGUAGE_STANDARD = "gnu++0x";
				CLANG_CXX_LIBRARY = "libc++";
				CLANG_ENABLE_MODULES = YES;
				CLANG_ENABLE_OBJC_ARC = YES;
				CLANG_WARN_BOOL_CONVERSION = YES;
				CLANG_WARN_CONSTANT_CONVERSION = YES;
				CLANG_WARN_DIRECT_OBJC_ISA_USAGE = YES_ERROR;
				CLANG_WARN_EMPTY_BODY = YES;
				CLANG_WARN_ENUM_CONVERSION = YES;
				CLANG_WARN_INT_CONVERSION = YES;
				CLANG_WARN_OBJC_ROOT_CLASS = YES_ERROR;
				CLANG_WARN_UNREACHABLE_CODE = YES;
				CLANG_WARN__DUPLICATE_METHOD_MATCH = YES;
				"CODE_SIGN_IDENTITY[sdk=iphoneos*]" = "iPhone Developer";
				COPY_PHASE_STRIP = NO;
				DEBUG_INFORMATION_FORMAT = "dwarf-with-dsym";
				ENABLE_NS_ASSERTIONS = NO;
				ENABLE_STRICT_OBJC_MSGSEND = YES;
				GCC_C_LANGUAGE_STANDARD = gnu99;
				GCC_NO_COMMON_BLOCKS = YES;
				GCC_WARN_64_TO_32_BIT_CONVERSION = YES;
				GCC_WARN_ABOUT_RETURN_TYPE = YES_ERROR;
				GCC_WARN_UNDECLARED_SELECTOR = YES;
				GCC_WARN_UNINITIALIZED_AUTOS = YES_AGGRESSIVE;
				GCC_WARN_UNUSED_FUNCTION = YES;
				GCC_WARN_UNUSED_VARIABLE = YES;
				IPHONEOS_DEPLOYMENT_TARGET = 9.3;
				MTL_ENABLE_DEBUG_INFO = NO;
				SDKROOT = iphoneos;
				TARGETED_DEVICE_FAMILY = "1,2";
				VALIDATE_PRODUCT = YES;
			};
			name = Release;
		};
		6D74F3541D25BB4F001D753E /* Debug */ = {
			isa = XCBuildConfiguration;
			buildSettings = {
				ASSETCATALOG_COMPILER_APPICON_NAME = AppIcon;
				INFOPLIST_FILE = homework2_2nd/Info.plist;
				LD_RUNPATH_SEARCH_PATHS = "$(inherited) @executable_path/Frameworks";
				PRODUCT_BUNDLE_IDENTIFIER = "com.sankim.homework2-2nd";
				PRODUCT_NAME = "$(TARGET_NAME)";
			};
			name = Debug;
		};
		6D74F3551D25BB4F001D753E /* Release */ = {
			isa = XCBuildConfiguration;
			buildSettings = {
				ASSETCATALOG_COMPILER_APPICON_NAME = AppIcon;
				INFOPLIST_FILE = homework2_2nd/Info.plist;
				LD_RUNPATH_SEARCH_PATHS = "$(inherited) @executable_path/Frameworks";
				PRODUCT_BUNDLE_IDENTIFIER = "com.sankim.homework2-2nd";
				PRODUCT_NAME = "$(TARGET_NAME)";
			};
			name = Release;
		};
		6D74F3571D25BB4F001D753E /* Debug */ = {
			isa = XCBuildConfiguration;
			buildSettings = {
				BUNDLE_LOADER = "$(TEST_HOST)";
				INFOPLIST_FILE = homework2_2ndTests/Info.plist;
				LD_RUNPATH_SEARCH_PATHS = "$(inherited) @executable_path/Frameworks @loader_path/Frameworks";
				PRODUCT_BUNDLE_IDENTIFIER = "com.sankim.homework2-2ndTests";
				PRODUCT_NAME = "$(TARGET_NAME)";
				TEST_HOST = "$(BUILT_PRODUCTS_DIR)/homework2_2nd.app/homework2_2nd";
			};
			name = Debug;
		};
		6D74F3581D25BB4F001D753E /* Release */ = {
			isa = XCBuildConfiguration;
			buildSettings = {
				BUNDLE_LOADER = "$(TEST_HOST)";
				INFOPLIST_FILE = homework2_2ndTests/Info.plist;
				LD_RUNPATH_SEARCH_PATHS = "$(inherited) @executable_path/Frameworks @loader_path/Frameworks";
				PRODUCT_BUNDLE_IDENTIFIER = "com.sankim.homework2-2ndTests";
				PRODUCT_NAME = "$(TARGET_NAME)";
				TEST_HOST = "$(BUILT_PRODUCTS_DIR)/homework2_2nd.app/homework2_2nd";
			};
			name = Release;
		};
		6D74F35A1D25BB4F001D753E /* Debug */ = {
			isa = XCBuildConfiguration;
			buildSettings = {
				INFOPLIST_FILE = homework2_2ndUITests/Info.plist;
				LD_RUNPATH_SEARCH_PATHS = "$(inherited) @executable_path/Frameworks @loader_path/Frameworks";
				PRODUCT_BUNDLE_IDENTIFIER = "com.sankim.homework2-2ndUITests";
				PRODUCT_NAME = "$(TARGET_NAME)";
				TEST_TARGET_NAME = homework2_2nd;
			};
			name = Debug;
		};
		6D74F35B1D25BB4F001D753E /* Release */ = {
			isa = XCBuildConfiguration;
			buildSettings = {
				INFOPLIST_FILE = homework2_2ndUITests/Info.plist;
				LD_RUNPATH_SEARCH_PATHS = "$(inherited) @executable_path/Frameworks @loader_path/Frameworks";
				PRODUCT_BUNDLE_IDENTIFIER = "com.sankim.homework2-2ndUITests";
				PRODUCT_NAME = "$(TARGET_NAME)";
				TEST_TARGET_NAME = homework2_2nd;
			};
			name = Release;
		};
/* End XCBuildConfiguration section */

/* Begin XCConfigurationList section */
		6D74F3261D25BB4F001D753E /* Build configuration list for PBXProject "homework2_2nd" */ = {
			isa = XCConfigurationList;
			buildConfigurations = (
				6D74F3511D25BB4F001D753E /* Debug */,
				6D74F3521D25BB4F001D753E /* Release */,
			);
			defaultConfigurationIsVisible = 0;
			defaultConfigurationName = Release;
		};
		6D74F3531D25BB4F001D753E /* Build configuration list for PBXNativeTarget "homework2_2nd" */ = {
			isa = XCConfigurationList;
			buildConfigurations = (
				6D74F3541D25BB4F001D753E /* Debug */,
				6D74F3551D25BB4F001D753E /* Release */,
			);
			defaultConfigurationIsVisible = 0;
			defaultConfigurationName = Release;
		};
		6D74F3561D25BB4F001D753E /* Build configuration list for PBXNativeTarget "homework2_2ndTests" */ = {
			isa = XCConfigurationList;
			buildConfigurations = (
				6D74F3571D25BB4F001D753E /* Debug */,
				6D74F3581D25BB4F001D753E /* Release */,
			);
			defaultConfigurationIsVisible = 0;
			defaultConfigurationName = Release;
		};
		6D74F3591D25BB4F001D753E /* Build configuration list for PBXNativeTarget "homework2_2ndUITests" */ = {
			isa = XCConfigurationList;
			buildConfigurations = (
				6D74F35A1D25BB4F001D753E /* Debug */,
				6D74F35B1D25BB4F001D753E /* Release */,
			);
			defaultConfigurationIsVisible = 0;
			defaultConfigurationName = Release;
		};
/* End XCConfigurationList section */
	};
	rootObject = 6D74F3231D25BB4F001D753E /* Project object */;
}
